
Microsoft Visual Studio Solution File, Format Version 12.00
# Visual Studio Version 16
VisualStudioVersion = 16.0.30413.136
MinimumVisualStudioVersion = 10.0.40219.1
Project("{9A19103F-16F7-4668-BE54-9A1E7A4F7556}") = "DynamicQuery", "DynamicQuery\DynamicQuery.csproj", "{6F4D2508-2106-4AE1-9DDE-A442B65EE99B}"
EndProject
Project("{9A19103F-16F7-4668-BE54-9A1E7A4F7556}") = "DynamicFilter", "DynamicFilter\DynamicFilter.csproj", "{79043444-5FE3-410D-8FEA-D6D589F34D04}"
EndProject
Project("{9A19103F-16F7-4668-BE54-9A1E7A4F7556}") = "DynamicSelect", "DynamicSelect\DynamicSelect.csproj", "{92DA47F5-E1EA-4568-A323-B10FCE9F615D}"
EndProject
Project("{9A19103F-16F7-4668-BE54-9A1E7A4F7556}") = "Tests", "Tests\Tests.csproj", "{EFAD2971-5BF9-429E-93CD-92CF710C97AC}"
EndProject
Project("{2150E333-8FDC-42A3-9474-1A3956D46DE8}") = "Images", "Images", "{7A44C21E-BB57-43AB-B7F5-41FC82E3D3E1}"
	ProjectSection(SolutionItems) = preProject
		Images\DynamicFilter.jpg = Images\DynamicFilter.jpg
		Images\DynamicQuery.jpg = Images\DynamicQuery.jpg
		Images\DynamicSelect.jpg = Images\DynamicSelect.jpg
	EndProjectSection
EndProject
Global
	GlobalSection(SolutionConfigurationPlatforms) = preSolution
		Debug|Any CPU = Debug|Any CPU
		Release|Any CPU = Release|Any CPU
	EndGlobalSection
	GlobalSection(ProjectConfigurationPlatforms) = postSolution
		{6F4D2508-2106-4AE1-9DDE-A442B65EE99B}.Debug|Any CPU.ActiveCfg = Debug|Any CPU
		{6F4D2508-2106-4AE1-9DDE-A442B65EE99B}.Debug|Any CPU.Build.0 = Debug|Any CPU
		{6F4D2508-2106-4AE1-9DDE-A442B65EE99B}.Release|Any CPU.ActiveCfg = Release|Any CPU
		{6F4D2508-2106-4AE1-9DDE-A442B65EE99B}.Release|Any CPU.Build.0 = Release|Any CPU
		{79043444-5FE3-410D-8FEA-D6D589F34D04}.Debug|Any CPU.ActiveCfg = Debug|Any CPU
		{79043444-5FE3-410D-8FEA-D6D589F34D04}.Debug|Any CPU.Build.0 = Debug|Any CPU
		{79043444-5FE3-410D-8FEA-D6D589F34D04}.Release|Any CPU.ActiveCfg = Release|Any CPU
		{79043444-5FE3-410D-8FEA-D6D589F34D04}.Release|Any CPU.Build.0 = Release|Any CPU
		{92DA47F5-E1EA-4568-A323-B10FCE9F615D}.Debug|Any CPU.ActiveCfg = Debug|Any CPU
		{92DA47F5-E1EA-4568-A323-B10FCE9F615D}.Debug|Any CPU.Build.0 = Debug|Any CPU
		{92DA47F5-E1EA-4568-A323-B10FCE9F615D}.Release|Any CPU.ActiveCfg = Release|Any CPU
		{92DA47F5-E1EA-4568-A323-B10FCE9F615D}.Release|Any CPU.Build.0 = Release|Any CPU
		{EFAD2971-5BF9-429E-93CD-92CF710C97AC}.Debug|Any CPU.ActiveCfg = Debug|Any CPU
		{EFAD2971-5BF9-429E-93CD-92CF710C97AC}.Debug|Any CPU.Build.0 = Debug|Any CPU
		{EFAD2971-5BF9-429E-93CD-92CF710C97AC}.Release|Any CPU.ActiveCfg = Release|Any CPU
		{EFAD2971-5BF9-429E-93CD-92CF710C97AC}.Release|Any CPU.Build.0 = Release|Any CPU
	EndGlobalSection
	GlobalSection(SolutionProperties) = preSolution
		HideSolutionNode = FALSE
	EndGlobalSection
	GlobalSection(ExtensibilityGlobals) = postSolution
		SolutionGuid = {D8FA4C79-C45F-4B4D-8F1B-F28137758CCD}
	EndGlobalSection
EndGlobal
